// !$*UTF8*$!
{
	archiveVersion = 1;
	classes = {
	};
	objectVersion = 56;
	objects = {

/* Begin PBXBuildFile section */
		484C071929DEF8820017E1DE /* BooBlissSampleApp.swift in Sources */ = {isa = PBXBuildFile; fileRef = 484C071829DEF8820017E1DE /* BooBlissSampleApp.swift */; };
		484C071B29DEF8820017E1DE /* BooBlissSampleTabView.swift in Sources */ = {isa = PBXBuildFile; fileRef = 484C071A29DEF8820017E1DE /* BooBlissSampleTabView.swift */; };
		484C071D29DEF8840017E1DE /* Assets.xcassets in Resources */ = {isa = PBXBuildFile; fileRef = 484C071C29DEF8840017E1DE /* Assets.xcassets */; };
		484C072029DEF8840017E1DE /* Preview Assets.xcassets in Resources */ = {isa = PBXBuildFile; fileRef = 484C071F29DEF8840017E1DE /* Preview Assets.xcassets */; };
		484C072729DEF9BB0017E1DE /* BooBlissSampleListView.swift in Sources */ = {isa = PBXBuildFile; fileRef = 484C072629DEF9BB0017E1DE /* BooBlissSampleListView.swift */; };
		484C072929DEF9D40017E1DE /* AccountView.swift in Sources */ = {isa = PBXBuildFile; fileRef = 484C072829DEF9D40017E1DE /* AccountView.swift */; };
		484C072B29DEF9E20017E1DE /* OrderView.swift in Sources */ = {isa = PBXBuildFile; fileRef = 484C072A29DEF9E20017E1DE /* OrderView.swift */; };
		484C072D29DF61140017E1DE /* Menu.swift in Sources */ = {isa = PBXBuildFile; fileRef = 484C072C29DF61140017E1DE /* Menu.swift */; };
		484C072F29DF66C70017E1DE /* MenuListCell.swift in Sources */ = {isa = PBXBuildFile; fileRef = 484C072E29DF66C70017E1DE /* MenuListCell.swift */; };
		484C073129DF68030017E1DE /* NetworkManager.swift in Sources */ = {isa = PBXBuildFile; fileRef = 484C073029DF68030017E1DE /* NetworkManager.swift */; };
		484C073329DF68F00017E1DE /* MenuError.swift in Sources */ = {isa = PBXBuildFile; fileRef = 484C073229DF68F00017E1DE /* MenuError.swift */; };
		484C073529E026F10017E1DE /* BooBlissSampleListViewModel.swift in Sources */ = {isa = PBXBuildFile; fileRef = 484C073429E026F10017E1DE /* BooBlissSampleListViewModel.swift */; };
		484C073729E02ED40017E1DE /* Alert.swift in Sources */ = {isa = PBXBuildFile; fileRef = 484C073629E02ED40017E1DE /* Alert.swift */; };
		484C073929E034410017E1DE /* LoadingView.swift in Sources */ = {isa = PBXBuildFile; fileRef = 484C073829E034410017E1DE /* LoadingView.swift */; };
		484C073B29E035110017E1DE /* Color+Ext.swift in Sources */ = {isa = PBXBuildFile; fileRef = 484C073A29E035110017E1DE /* Color+Ext.swift */; };
		484C073D29E4321F0017E1DE /* RemoteImage.swift in Sources */ = {isa = PBXBuildFile; fileRef = 484C073C29E4321F0017E1DE /* RemoteImage.swift */; };
		484C074C29E43B090017E1DE /* MenuDetailView.swift in Sources */ = {isa = PBXBuildFile; fileRef = 484C074B29E43B090017E1DE /* MenuDetailView.swift */; };
		484C074F29E4453A0017E1DE /* MenuButton.swift in Sources */ = {isa = PBXBuildFile; fileRef = 484C074E29E4453A0017E1DE /* MenuButton.swift */; };
		484C075129E446580017E1DE /* XDismissButton.swift in Sources */ = {isa = PBXBuildFile; fileRef = 484C075029E446580017E1DE /* XDismissButton.swift */; };
		484C075329E454670017E1DE /* AccountViewModel.swift in Sources */ = {isa = PBXBuildFile; fileRef = 484C075229E454670017E1DE /* AccountViewModel.swift */; };
		484C075529E455D10017E1DE /* String+Ext.swift in Sources */ = {isa = PBXBuildFile; fileRef = 484C075429E455D10017E1DE /* String+Ext.swift */; };
/* End PBXBuildFile section */

/* Begin PBXFileReference section */
		484C071529DEF8820017E1DE /* BooBlissSample.app */ = {isa = PBXFileReference; explicitFileType = wrapper.application; includeInIndex = 0; path = BooBlissSample.app; sourceTree = BUILT_PRODUCTS_DIR; };
		484C071829DEF8820017E1DE /* BooBlissSampleApp.swift */ = {isa = PBXFileReference; lastKnownFileType = sourcecode.swift; path = BooBlissSampleApp.swift; sourceTree = "<group>"; };
		484C071A29DEF8820017E1DE /* BooBlissSampleTabView.swift */ = {isa = PBXFileReference; lastKnownFileType = sourcecode.swift; path = BooBlissSampleTabView.swift; sourceTree = "<group>"; };
		484C071C29DEF8840017E1DE /* Assets.xcassets */ = {isa = PBXFileReference; lastKnownFileType = folder.assetcatalog; path = Assets.xcassets; sourceTree = "<group>"; };
		484C071F29DEF8840017E1DE /* Preview Assets.xcassets */ = {isa = PBXFileReference; lastKnownFileType = folder.assetcatalog; path = "Preview Assets.xcassets"; sourceTree = "<group>"; };
		484C072629DEF9BB0017E1DE /* BooBlissSampleListView.swift */ = {isa = PBXFileReference; lastKnownFileType = sourcecode.swift; path = BooBlissSampleListView.swift; sourceTree = "<group>"; };
		484C072829DEF9D40017E1DE /* AccountView.swift */ = {isa = PBXFileReference; lastKnownFileType = sourcecode.swift; path = AccountView.swift; sourceTree = "<group>"; };
		484C072A29DEF9E20017E1DE /* OrderView.swift */ = {isa = PBXFileReference; lastKnownFileType = sourcecode.swift; path = OrderView.swift; sourceTree = "<group>"; };
		484C072C29DF61140017E1DE /* Menu.swift */ = {isa = PBXFileReference; lastKnownFileType = sourcecode.swift; path = Menu.swift; sourceTree = "<group>"; };
		484C072E29DF66C70017E1DE /* MenuListCell.swift */ = {isa = PBXFileReference; lastKnownFileType = sourcecode.swift; path = MenuListCell.swift; sourceTree = "<group>"; };
		484C073029DF68030017E1DE /* NetworkManager.swift */ = {isa = PBXFileReference; lastKnownFileType = sourcecode.swift; path = NetworkManager.swift; sourceTree = "<group>"; };
		484C073229DF68F00017E1DE /* MenuError.swift */ = {isa = PBXFileReference; lastKnownFileType = sourcecode.swift; path = MenuError.swift; sourceTree = "<group>"; };
		484C073429E026F10017E1DE /* BooBlissSampleListViewModel.swift */ = {isa = PBXFileReference; lastKnownFileType = sourcecode.swift; path = BooBlissSampleListViewModel.swift; sourceTree = "<group>"; };
		484C073629E02ED40017E1DE /* Alert.swift */ = {isa = PBXFileReference; lastKnownFileType = sourcecode.swift; path = Alert.swift; sourceTree = "<group>"; };
		484C073829E034410017E1DE /* LoadingView.swift */ = {isa = PBXFileReference; lastKnownFileType = sourcecode.swift; path = LoadingView.swift; sourceTree = "<group>"; };
		484C073A29E035110017E1DE /* Color+Ext.swift */ = {isa = PBXFileReference; lastKnownFileType = sourcecode.swift; path = "Color+Ext.swift"; sourceTree = "<group>"; };
		484C073C29E4321F0017E1DE /* RemoteImage.swift */ = {isa = PBXFileReference; lastKnownFileType = sourcecode.swift; path = RemoteImage.swift; sourceTree = "<group>"; };
		484C074B29E43B090017E1DE /* MenuDetailView.swift */ = {isa = PBXFileReference; lastKnownFileType = sourcecode.swift; path = MenuDetailView.swift; sourceTree = "<group>"; };
		484C074E29E4453A0017E1DE /* MenuButton.swift */ = {isa = PBXFileReference; lastKnownFileType = sourcecode.swift; path = MenuButton.swift; sourceTree = "<group>"; };
		484C075029E446580017E1DE /* XDismissButton.swift */ = {isa = PBXFileReference; lastKnownFileType = sourcecode.swift; path = XDismissButton.swift; sourceTree = "<group>"; };
		484C075229E454670017E1DE /* AccountViewModel.swift */ = {isa = PBXFileReference; lastKnownFileType = sourcecode.swift; path = AccountViewModel.swift; sourceTree = "<group>"; };
		484C075429E455D10017E1DE /* String+Ext.swift */ = {isa = PBXFileReference; lastKnownFileType = sourcecode.swift; path = "String+Ext.swift"; sourceTree = "<group>"; };
/* End PBXFileReference section */

/* Begin PBXFrameworksBuildPhase section */
		484C071229DEF8820017E1DE /* Frameworks */ = {
			isa = PBXFrameworksBuildPhase;
			buildActionMask = 2147483647;
			files = (
			);
			runOnlyForDeploymentPostprocessing = 0;
		};
/* End PBXFrameworksBuildPhase section */

/* Begin PBXGroup section */
		484C070C29DEF8820017E1DE = {
			isa = PBXGroup;
			children = (
				484C071729DEF8820017E1DE /* BooBlissSample */,
				484C071629DEF8820017E1DE /* Products */,
			);
			sourceTree = "<group>";
		};
		484C071629DEF8820017E1DE /* Products */ = {
			isa = PBXGroup;
			children = (
				484C071529DEF8820017E1DE /* BooBlissSample.app */,
			);
			name = Products;
			sourceTree = "<group>";
		};
		484C071729DEF8820017E1DE /* BooBlissSample */ = {
			isa = PBXGroup;
			children = (
				484C074629E439860017E1DE /* Model */,
				484C074229E4393C0017E1DE /* Utilities */,
				484C074729E439A80017E1DE /* Views */,
				484C073E29E438CC0017E1DE /* Screens */,
				484C071829DEF8820017E1DE /* BooBlissSampleApp.swift */,
				484C071C29DEF8840017E1DE /* Assets.xcassets */,
				484C071E29DEF8840017E1DE /* Preview Content */,
			);
			path = BooBlissSample;
			sourceTree = "<group>";
		};
		484C071E29DEF8840017E1DE /* Preview Content */ = {
			isa = PBXGroup;
			children = (
				484C071F29DEF8840017E1DE /* Preview Assets.xcassets */,
			);
			path = "Preview Content";
			sourceTree = "<group>";
		};
		484C073E29E438CC0017E1DE /* Screens */ = {
			isa = PBXGroup;
			children = (
				484C071A29DEF8820017E1DE /* BooBlissSampleTabView.swift */,
				484C074129E438EC0017E1DE /* OrderView */,
				484C074029E438E40017E1DE /* AccountView */,
				484C073F29E438D50017E1DE /* MenuListView */,
			);
			path = Screens;
			sourceTree = "<group>";
		};
		484C073F29E438D50017E1DE /* MenuListView */ = {
			isa = PBXGroup;
			children = (
				484C073429E026F10017E1DE /* BooBlissSampleListViewModel.swift */,
				484C072629DEF9BB0017E1DE /* BooBlissSampleListView.swift */,
				484C074B29E43B090017E1DE /* MenuDetailView.swift */,
			);
			path = MenuListView;
			sourceTree = "<group>";
		};
		484C074029E438E40017E1DE /* AccountView */ = {
			isa = PBXGroup;
			children = (
				484C072829DEF9D40017E1DE /* AccountView.swift */,
				484C075229E454670017E1DE /* AccountViewModel.swift */,
			);
			path = AccountView;
			sourceTree = "<group>";
		};
		484C074129E438EC0017E1DE /* OrderView */ = {
			isa = PBXGroup;
			children = (
				484C072A29DEF9E20017E1DE /* OrderView.swift */,
			);
			path = OrderView;
			sourceTree = "<group>";
		};
		484C074229E4393C0017E1DE /* Utilities */ = {
			isa = PBXGroup;
			children = (
				484C074529E439680017E1DE /* Alert */,
				484C074429E439570017E1DE /* Extensions */,
				484C074329E4394C0017E1DE /* Managers */,
			);
			path = Utilities;
			sourceTree = "<group>";
		};
		484C074329E4394C0017E1DE /* Managers */ = {
			isa = PBXGroup;
			children = (
				484C073029DF68030017E1DE /* NetworkManager.swift */,
			);
			path = Managers;
			sourceTree = "<group>";
		};
		484C074429E439570017E1DE /* Extensions */ = {
			isa = PBXGroup;
			children = (
				484C073A29E035110017E1DE /* Color+Ext.swift */,
				484C075429E455D10017E1DE /* String+Ext.swift */,
			);
			path = Extensions;
			sourceTree = "<group>";
		};
		484C074529E439680017E1DE /* Alert */ = {
			isa = PBXGroup;
			children = (
				484C073229DF68F00017E1DE /* MenuError.swift */,
				484C073629E02ED40017E1DE /* Alert.swift */,
			);
			path = Alert;
			sourceTree = "<group>";
		};
		484C074629E439860017E1DE /* Model */ = {
			isa = PBXGroup;
			children = (
				484C072C29DF61140017E1DE /* Menu.swift */,
			);
			path = Model;
			sourceTree = "<group>";
		};
		484C074729E439A80017E1DE /* Views */ = {
			isa = PBXGroup;
			children = (
				484C074D29E445270017E1DE /* Buttons */,
				484C074A29E439C70017E1DE /* Image */,
				484C074929E439C00017E1DE /* Cells */,
				484C074829E439B50017E1DE /* UIKit Components */,
			);
			path = Views;
			sourceTree = "<group>";
		};
		484C074829E439B50017E1DE /* UIKit Components */ = {
			isa = PBXGroup;
			children = (
				484C073829E034410017E1DE /* LoadingView.swift */,
			);
			path = "UIKit Components";
			sourceTree = "<group>";
		};
		484C074929E439C00017E1DE /* Cells */ = {
			isa = PBXGroup;
			children = (
				484C072E29DF66C70017E1DE /* MenuListCell.swift */,
			);
			path = Cells;
			sourceTree = "<group>";
		};
		484C074A29E439C70017E1DE /* Image */ = {
			isa = PBXGroup;
			children = (
				484C073C29E4321F0017E1DE /* RemoteImage.swift */,
			);
			path = Image;
			sourceTree = "<group>";
		};
		484C074D29E445270017E1DE /* Buttons */ = {
			isa = PBXGroup;
			children = (
				484C074E29E4453A0017E1DE /* MenuButton.swift */,
				484C075029E446580017E1DE /* XDismissButton.swift */,
			);
			path = Buttons;
			sourceTree = "<group>";
		};
/* End PBXGroup section */

/* Begin PBXNativeTarget section */
		484C071429DEF8820017E1DE /* BooBlissSample */ = {
			isa = PBXNativeTarget;
			buildConfigurationList = 484C072329DEF8840017E1DE /* Build configuration list for PBXNativeTarget "BooBlissSample" */;
			buildPhases = (
				484C071129DEF8820017E1DE /* Sources */,
				484C071229DEF8820017E1DE /* Frameworks */,
				484C071329DEF8820017E1DE /* Resources */,
			);
			buildRules = (
			);
			dependencies = (
			);
			name = BooBlissSample;
			productName = BooBlissSample;
			productReference = 484C071529DEF8820017E1DE /* BooBlissSample.app */;
			productType = "com.apple.product-type.application";
		};
/* End PBXNativeTarget section */

/* Begin PBXProject section */
		484C070D29DEF8820017E1DE /* Project object */ = {
			isa = PBXProject;
			attributes = {
				BuildIndependentTargetsInParallel = 1;
				LastSwiftUpdateCheck = 1420;
				LastUpgradeCheck = 1420;
				TargetAttributes = {
					484C071429DEF8820017E1DE = {
						CreatedOnToolsVersion = 14.2;
					};
				};
			};
			buildConfigurationList = 484C071029DEF8820017E1DE /* Build configuration list for PBXProject "BooBlissSample" */;
			compatibilityVersion = "Xcode 14.0";
			developmentRegion = en;
			hasScannedForEncodings = 0;
			knownRegions = (
				en,
				Base,
			);
			mainGroup = 484C070C29DEF8820017E1DE;
			productRefGroup = 484C071629DEF8820017E1DE /* Products */;
			projectDirPath = "";
			projectRoot = "";
			targets = (
				484C071429DEF8820017E1DE /* BooBlissSample */,
			);
		};
/* End PBXProject section */

/* Begin PBXResourcesBuildPhase section */
		484C071329DEF8820017E1DE /* Resources */ = {
			isa = PBXResourcesBuildPhase;
			buildActionMask = 2147483647;
			files = (
				484C072029DEF8840017E1DE /* Preview Assets.xcassets in Resources */,
				484C071D29DEF8840017E1DE /* Assets.xcassets in Resources */,
			);
			runOnlyForDeploymentPostprocessing = 0;
		};
/* End PBXResourcesBuildPhase section */

/* Begin PBXSourcesBuildPhase section */
		484C071129DEF8820017E1DE /* Sources */ = {
			isa = PBXSourcesBuildPhase;
			buildActionMask = 2147483647;
			files = (
				484C073329DF68F00017E1DE /* MenuError.swift in Sources */,
				484C073529E026F10017E1DE /* BooBlissSampleListViewModel.swift in Sources */,
				484C075129E446580017E1DE /* XDismissButton.swift in Sources */,
				484C072D29DF61140017E1DE /* Menu.swift in Sources */,
				484C075329E454670017E1DE /* AccountViewModel.swift in Sources */,
				484C072F29DF66C70017E1DE /* MenuListCell.swift in Sources */,
				484C073B29E035110017E1DE /* Color+Ext.swift in Sources */,
				484C072929DEF9D40017E1DE /* AccountView.swift in Sources */,
				484C073929E034410017E1DE /* LoadingView.swift in Sources */,
				484C072729DEF9BB0017E1DE /* BooBlissSampleListView.swift in Sources */,
				484C073129DF68030017E1DE /* NetworkManager.swift in Sources */,
				484C073D29E4321F0017E1DE /* RemoteImage.swift in Sources */,
				484C071B29DEF8820017E1DE /* BooBlissSampleTabView.swift in Sources */,
				484C075529E455D10017E1DE /* String+Ext.swift in Sources */,
				484C073729E02ED40017E1DE /* Alert.swift in Sources */,
				484C074F29E4453A0017E1DE /* MenuButton.swift in Sources */,
				484C074C29E43B090017E1DE /* MenuDetailView.swift in Sources */,
				484C071929DEF8820017E1DE /* BooBlissSampleApp.swift in Sources */,
				484C072B29DEF9E20017E1DE /* OrderView.swift in Sources */,
			);
			runOnlyForDeploymentPostprocessing = 0;
		};
/* End PBXSourcesBuildPhase section */

/* Begin XCBuildConfiguration section */
		484C072129DEF8840017E1DE /* Debug */ = {
			isa = XCBuildConfiguration;
			buildSettings = {
				ALWAYS_SEARCH_USER_PATHS = NO;
				CLANG_ANALYZER_NONNULL = YES;
				CLANG_ANALYZER_NUMBER_OBJECT_CONVERSION = YES_AGGRESSIVE;
				CLANG_CXX_LANGUAGE_STANDARD = "gnu++20";
				CLANG_ENABLE_MODULES = YES;
				CLANG_ENABLE_OBJC_ARC = YES;
				CLANG_ENABLE_OBJC_WEAK = YES;
				CLANG_WARN_BLOCK_CAPTURE_AUTORELEASING = YES;
				CLANG_WARN_BOOL_CONVERSION = YES;
				CLANG_WARN_COMMA = YES;
				CLANG_WARN_CONSTANT_CONVERSION = YES;
				CLANG_WARN_DEPRECATED_OBJC_IMPLEMENTATIONS = YES;
				CLANG_WARN_DIRECT_OBJC_ISA_USAGE = YES_ERROR;
				CLANG_WARN_DOCUMENTATION_COMMENTS = YES;
				CLANG_WARN_EMPTY_BODY = YES;
				CLANG_WARN_ENUM_CONVERSION = YES;
				CLANG_WARN_INFINITE_RECURSION = YES;
				CLANG_WARN_INT_CONVERSION = YES;
				CLANG_WARN_NON_LITERAL_NULL_CONVERSION = YES;
				CLANG_WARN_OBJC_IMPLICIT_RETAIN_SELF = YES;
				CLANG_WARN_OBJC_LITERAL_CONVERSION = YES;
				CLANG_WARN_OBJC_ROOT_CLASS = YES_ERROR;
				CLANG_WARN_QUOTED_INCLUDE_IN_FRAMEWORK_HEADER = YES;
				CLANG_WARN_RANGE_LOOP_ANALYSIS = YES;
				CLANG_WARN_STRICT_PROTOTYPES = YES;
				CLANG_WARN_SUSPICIOUS_MOVE = YES;
				CLANG_WARN_UNGUARDED_AVAILABILITY = YES_AGGRESSIVE;
				CLANG_WARN_UNREACHABLE_CODE = YES;
				CLANG_WARN__DUPLICATE_METHOD_MATCH = YES;
				COPY_PHASE_STRIP = NO;
				DEBUG_INFORMATION_FORMAT = dwarf;
				ENABLE_STRICT_OBJC_MSGSEND = YES;
				ENABLE_TESTABILITY = YES;
				GCC_C_LANGUAGE_STANDARD = gnu11;
				GCC_DYNAMIC_NO_PIC = NO;
				GCC_NO_COMMON_BLOCKS = YES;
				GCC_OPTIMIZATION_LEVEL = 0;
				GCC_PREPROCESSOR_DEFINITIONS = (
					"DEBUG=1",
					"$(inherited)",
				);
				GCC_WARN_64_TO_32_BIT_CONVERSION = YES;
				GCC_WARN_ABOUT_RETURN_TYPE = YES_ERROR;
				GCC_WARN_UNDECLARED_SELECTOR = YES;
				GCC_WARN_UNINITIALIZED_AUTOS = YES_AGGRESSIVE;
				GCC_WARN_UNUSED_FUNCTION = YES;
				GCC_WARN_UNUSED_VARIABLE = YES;
				IPHONEOS_DEPLOYMENT_TARGET = 16.2;
				MTL_ENABLE_DEBUG_INFO = INCLUDE_SOURCE;
				MTL_FAST_MATH = YES;
				ONLY_ACTIVE_ARCH = YES;
				SDKROOT = iphoneos;
				SWIFT_ACTIVE_COMPILATION_CONDITIONS = DEBUG;
				SWIFT_OPTIMIZATION_LEVEL = "-Onone";
			};
			name = Debug;
		};
		484C072229DEF8840017E1DE /* Release */ = {
			isa = XCBuildConfiguration;
			buildSettings = {
				ALWAYS_SEARCH_USER_PATHS = NO;
				CLANG_ANALYZER_NONNULL = YES;
				CLANG_ANALYZER_NUMBER_OBJECT_CONVERSION = YES_AGGRESSIVE;
				CLANG_CXX_LANGUAGE_STANDARD = "gnu++20";
				CLANG_ENABLE_MODULES = YES;
				CLANG_ENABLE_OBJC_ARC = YES;
				CLANG_ENABLE_OBJC_WEAK = YES;
				CLANG_WARN_BLOCK_CAPTURE_AUTORELEASING = YES;
				CLANG_WARN_BOOL_CONVERSION = YES;
				CLANG_WARN_COMMA = YES;
				CLANG_WARN_CONSTANT_CONVERSION = YES;
				CLANG_WARN_DEPRECATED_OBJC_IMPLEMENTATIONS = YES;
				CLANG_WARN_DIRECT_OBJC_ISA_USAGE = YES_ERROR;
				CLANG_WARN_DOCUMENTATION_COMMENTS = YES;
				CLANG_WARN_EMPTY_BODY = YES;
				CLANG_WARN_ENUM_CONVERSION = YES;
				CLANG_WARN_INFINITE_RECURSION = YES;
				CLANG_WARN_INT_CONVERSION = YES;
				CLANG_WARN_NON_LITERAL_NULL_CONVERSION = YES;
				CLANG_WARN_OBJC_IMPLICIT_RETAIN_SELF = YES;
				CLANG_WARN_OBJC_LITERAL_CONVERSION = YES;
				CLANG_WARN_OBJC_ROOT_CLASS = YES_ERROR;
				CLANG_WARN_QUOTED_INCLUDE_IN_FRAMEWORK_HEADER = YES;
				CLANG_WARN_RANGE_LOOP_ANALYSIS = YES;
				CLANG_WARN_STRICT_PROTOTYPES = YES;
				CLANG_WARN_SUSPICIOUS_MOVE = YES;
				CLANG_WARN_UNGUARDED_AVAILABILITY = YES_AGGRESSIVE;
				CLANG_WARN_UNREACHABLE_CODE = YES;
				CLANG_WARN__DUPLICATE_METHOD_MATCH = YES;
				COPY_PHASE_STRIP = NO;
				DEBUG_INFORMATION_FORMAT = "dwarf-with-dsym";
				ENABLE_NS_ASSERTIONS = NO;
				ENABLE_STRICT_OBJC_MSGSEND = YES;
				GCC_C_LANGUAGE_STANDARD = gnu11;
				GCC_NO_COMMON_BLOCKS = YES;
				GCC_WARN_64_TO_32_BIT_CONVERSION = YES;
				GCC_WARN_ABOUT_RETURN_TYPE = YES_ERROR;
				GCC_WARN_UNDECLARED_SELECTOR = YES;
				GCC_WARN_UNINITIALIZED_AUTOS = YES_AGGRESSIVE;
				GCC_WARN_UNUSED_FUNCTION = YES;
				GCC_WARN_UNUSED_VARIABLE = YES;
				IPHONEOS_DEPLOYMENT_TARGET = 16.2;
				MTL_ENABLE_DEBUG_INFO = NO;
				MTL_FAST_MATH = YES;
				SDKROOT = iphoneos;
				SWIFT_COMPILATION_MODE = wholemodule;
				SWIFT_OPTIMIZATION_LEVEL = "-O";
				VALIDATE_PRODUCT = YES;
			};
			name = Release;
		};
		484C072429DEF8840017E1DE /* Debug */ = {
			isa = XCBuildConfiguration;
			buildSettings = {
				ASSETCATALOG_COMPILER_APPICON_NAME = AppIcon;
				ASSETCATALOG_COMPILER_GLOBAL_ACCENT_COLOR_NAME = AccentColor;
				CODE_SIGN_STYLE = Automatic;
				CURRENT_PROJECT_VERSION = 1;
				DEVELOPMENT_ASSET_PATHS = "\"BooBlissSample/Preview Content\"";
				DEVELOPMENT_TEAM = D3G884Q52V;
				ENABLE_PREVIEWS = YES;
				GENERATE_INFOPLIST_FILE = YES;
				INFOPLIST_KEY_UIApplicationSceneManifest_Generation = YES;
				INFOPLIST_KEY_UIApplicationSupportsIndirectInputEvents = YES;
				INFOPLIST_KEY_UILaunchScreen_Generation = YES;
				INFOPLIST_KEY_UISupportedInterfaceOrientations_iPad = "UIInterfaceOrientationPortrait UIInterfaceOrientationPortraitUpsideDown UIInterfaceOrientationLandscapeLeft UIInterfaceOrientationLandscapeRight";
				INFOPLIST_KEY_UISupportedInterfaceOrientations_iPhone = "UIInterfaceOrientationPortrait UIInterfaceOrientationLandscapeLeft UIInterfaceOrientationLandscapeRight";
				LD_RUNPATH_SEARCH_PATHS = (
					"$(inherited)",
					"@executable_path/Frameworks",
				);
				MARKETING_VERSION = 1.0;
				PRODUCT_BUNDLE_IDENTIFIER = "Ayodeji-Komolafe.BooBlissSample";
				PRODUCT_NAME = "$(TARGET_NAME)";
				SWIFT_EMIT_LOC_STRINGS = YES;
				SWIFT_VERSION = 5.0;
				TARGETED_DEVICE_FAMILY = "1,2";
			};
			name = Debug;
		};
		484C072529DEF8840017E1DE /* Release */ = {
			isa = XCBuildConfiguration;
			buildSettings = {
				ASSETCATALOG_COMPILER_APPICON_NAME = AppIcon;
				ASSETCATALOG_COMPILER_GLOBAL_ACCENT_COLOR_NAME = AccentColor;
				CODE_SIGN_STYLE = Automatic;
				CURRENT_PROJECT_VERSION = 1;
				DEVELOPMENT_ASSET_PATHS = "\"BooBlissSample/Preview Content\"";
				DEVELOPMENT_TEAM = D3G884Q52V;
				ENABLE_PREVIEWS = YES;
				GENERATE_INFOPLIST_FILE = YES;
				INFOPLIST_KEY_UIApplicationSceneManifest_Generation = YES;
				INFOPLIST_KEY_UIApplicationSupportsIndirectInputEvents = YES;
				INFOPLIST_KEY_UILaunchScreen_Generation = YES;
				INFOPLIST_KEY_UISupportedInterfaceOrientations_iPad = "UIInterfaceOrientationPortrait UIInterfaceOrientationPortraitUpsideDown UIInterfaceOrientationLandscapeLeft UIInterfaceOrientationLandscapeRight";
				INFOPLIST_KEY_UISupportedInterfaceOrientations_iPhone = "UIInterfaceOrientationPortrait UIInterfaceOrientationLandscapeLeft UIInterfaceOrientationLandscapeRight";
				LD_RUNPATH_SEARCH_PATHS = (
					"$(inherited)",
					"@executable_path/Frameworks",
				);
				MARKETING_VERSION = 1.0;
				PRODUCT_BUNDLE_IDENTIFIER = "Ayodeji-Komolafe.BooBlissSample";
				PRODUCT_NAME = "$(TARGET_NAME)";
				SWIFT_EMIT_LOC_STRINGS = YES;
				SWIFT_VERSION = 5.0;
				TARGETED_DEVICE_FAMILY = "1,2";
			};
			name = Release;
		};
/* End XCBuildConfiguration section */

/* Begin XCConfigurationList section */
		484C071029DEF8820017E1DE /* Build configuration list for PBXProject "BooBlissSample" */ = {
			isa = XCConfigurationList;
			buildConfigurations = (
				484C072129DEF8840017E1DE /* Debug */,
				484C072229DEF8840017E1DE /* Release */,
			);
			defaultConfigurationIsVisible = 0;
			defaultConfigurationName = Release;
		};
		484C072329DEF8840017E1DE /* Build configuration list for PBXNativeTarget "BooBlissSample" */ = {
			isa = XCConfigurationList;
			buildConfigurations = (
				484C072429DEF8840017E1DE /* Debug */,
				484C072529DEF8840017E1DE /* Release */,
			);
			defaultConfigurationIsVisible = 0;
			defaultConfigurationName = Release;
		};
/* End XCConfigurationList section */
	};
	rootObject = 484C070D29DEF8820017E1DE /* Project object */;
}
